// !$*UTF8*$!
{
	archiveVersion = 1;
	classes = {
	};
	objectVersion = 46;
	objects = {

/* Begin PBXBuildFile section */
		2E70B8CD1B22F61600A359D9 /* ActivityTableViewCellController.m in Sources */ = {isa = PBXBuildFile; fileRef = 2E70B8CC1B22F61600A359D9 /* ActivityTableViewCellController.m */; };
		2E730E8F1B18194200110905 /* ActivitiesTableViewController.m in Sources */ = {isa = PBXBuildFile; fileRef = 2E730E8E1B18194200110905 /* ActivitiesTableViewController.m */; };
		2E79C9C21B0C4827005AEDCD /* OngoingTableViewCell.m in Sources */ = {isa = PBXBuildFile; fileRef = 2E79C9C01B0C4827005AEDCD /* OngoingTableViewCell.m */; };
		2E79C9C31B0C4827005AEDCD /* OngoingTableViewCell.xib in Resources */ = {isa = PBXBuildFile; fileRef = 2E79C9C11B0C4827005AEDCD /* OngoingTableViewCell.xib */; };
		2E8D83701B0AADF800FD44F5 /* PastAcheievementActivityInstance.m in Sources */ = {isa = PBXBuildFile; fileRef = 2E8D836F1B0AADF800FD44F5 /* PastAcheievementActivityInstance.m */; };
		2E8D83731B0AB08300FD44F5 /* FailedActivityInstance.m in Sources */ = {isa = PBXBuildFile; fileRef = 2E8D83721B0AB08300FD44F5 /* FailedActivityInstance.m */; };
		2E8D83771B0ABAF800FD44F5 /* ActivtyInstancesManager.m in Sources */ = {isa = PBXBuildFile; fileRef = 2E8D83761B0ABAF800FD44F5 /* ActivtyInstancesManager.m */; };
		2EB6B4511B25735100D7C7A3 /* AchievedActivityTableViewCell.m in Sources */ = {isa = PBXBuildFile; fileRef = 2EB6B44F1B25735100D7C7A3 /* AchievedActivityTableViewCell.m */; };
		2EB6B4521B25735100D7C7A3 /* AchievedActivityTableViewCell.xib in Resources */ = {isa = PBXBuildFile; fileRef = 2EB6B4501B25735100D7C7A3 /* AchievedActivityTableViewCell.xib */; };
		2EB6B45E1B26960300D7C7A3 /* FailedActivityTableViewCell.m in Sources */ = {isa = PBXBuildFile; fileRef = 2EB6B45C1B26960300D7C7A3 /* FailedActivityTableViewCell.m */; };
		2EB6B45F1B26960300D7C7A3 /* FailedActivityTableViewCell.xib in Resources */ = {isa = PBXBuildFile; fileRef = 2EB6B45D1B26960300D7C7A3 /* FailedActivityTableViewCell.xib */; };
		2EC7B1441B2802D3007375C9 /* MGSwipeButton.m in Sources */ = {isa = PBXBuildFile; fileRef = 2EC7B1411B2802D3007375C9 /* MGSwipeButton.m */; };
		2EC7B1451B2802D3007375C9 /* MGSwipeTableCell.m in Sources */ = {isa = PBXBuildFile; fileRef = 2EC7B1431B2802D3007375C9 /* MGSwipeTableCell.m */; };
		8C675CF41B2FF29F00D517CB /* JCDataPicker.m in Sources */ = {isa = PBXBuildFile; fileRef = 8C675CF21B2FF29F00D517CB /* JCDataPicker.m */; };
		8C675CF81B2FF30B00D517CB /* UIViewController+CWPopup.m in Sources */ = {isa = PBXBuildFile; fileRef = 8C675CF71B2FF30B00D517CB /* UIViewController+CWPopup.m */; };
		8C675CFD1B2FF44900D517CB /* DelayTimeSelectionViewController.m in Sources */ = {isa = PBXBuildFile; fileRef = 8C675CFB1B2FF44900D517CB /* DelayTimeSelectionViewController.m */; };
		8C675CFE1B2FF44900D517CB /* DelayTimeSelectionViewController.xib in Resources */ = {isa = PBXBuildFile; fileRef = 8C675CFC1B2FF44900D517CB /* DelayTimeSelectionViewController.xib */; };
		8C675D091B303E0A00D517CB /* UIView+MaterialDesign.m in Sources */ = {isa = PBXBuildFile; fileRef = 8C675D081B303E0A00D517CB /* UIView+MaterialDesign.m */; };
		8C675D131B30407D00D517CB /* EventCreationViewController.m in Sources */ = {isa = PBXBuildFile; fileRef = 8C675D111B30407D00D517CB /* EventCreationViewController.m */; };
		8C675D141B30407D00D517CB /* EventCreationViewController.xib in Resources */ = {isa = PBXBuildFile; fileRef = 8C675D121B30407D00D517CB /* EventCreationViewController.xib */; };
		8C675D171B30412100D517CB /* IntroView.m in Sources */ = {isa = PBXBuildFile; fileRef = 8C675D161B30412100D517CB /* IntroView.m */; };
		8C675D1C1B30497300D517CB /* FeRadialButton.m in Sources */ = {isa = PBXBuildFile; fileRef = 8C675D191B30497300D517CB /* FeRadialButton.m */; };
		8C675D1D1B30497300D517CB /* UIColor+flat.m in Sources */ = {isa = PBXBuildFile; fileRef = 8C675D1B1B30497300D517CB /* UIColor+flat.m */; };
		8C675D201B30498F00D517CB /* FeBasicAnimationBlock.m in Sources */ = {isa = PBXBuildFile; fileRef = 8C675D1F1B30498F00D517CB /* FeBasicAnimationBlock.m */; };
		8C675D221B3049A300D517CB /* QuartzCore.framework in Frameworks */ = {isa = PBXBuildFile; fileRef = 8C675D211B3049A300D517CB /* QuartzCore.framework */; };
		8C8202321B7ECE0900C59F0B /* ActivityListTableViewController.m in Sources */ = {isa = PBXBuildFile; fileRef = 8C8202311B7ECE0900C59F0B /* ActivityListTableViewController.m */; };
		8C8202371B7ECE3F00C59F0B /* CarbonTabSwipeNavigation.m in Sources */ = {isa = PBXBuildFile; fileRef = 8C8202361B7ECE3F00C59F0B /* CarbonTabSwipeNavigation.m */; };
		8C8E5FB51B6B8C0D001A2C63 /* SF-UI-Display-Light.otf in Resources */ = {isa = PBXBuildFile; fileRef = 8C8E5FB21B6B8C0D001A2C63 /* SF-UI-Display-Light.otf */; };
		8C8E5FB61B6B8C0D001A2C63 /* SF-UI-Display-Medium.otf in Resources */ = {isa = PBXBuildFile; fileRef = 8C8E5FB31B6B8C0D001A2C63 /* SF-UI-Display-Medium.otf */; };
		8C8E5FB71B6B8C0D001A2C63 /* SF-UI-Display-Regular.otf in Resources */ = {isa = PBXBuildFile; fileRef = 8C8E5FB41B6B8C0D001A2C63 /* SF-UI-Display-Regular.otf */; };
		8C8E5FBC1B70BEB3001A2C63 /* SCLAlertView.swift in Sources */ = {isa = PBXBuildFile; fileRef = 8C8E5FBB1B70BEB3001A2C63 /* SCLAlertView.swift */; };
		8C8E5FBF1B72226B001A2C63 /* icon_cancel_red@2x.png in Resources */ = {isa = PBXBuildFile; fileRef = 8C8E5FBE1B72226B001A2C63 /* icon_cancel_red@2x.png */; };
		8CA45A0F1B39030400A18768 /* FinalizingTaskView.m in Sources */ = {isa = PBXBuildFile; fileRef = 8CA45A0E1B39030400A18768 /* FinalizingTaskView.m */; };
		8CA45A111B39032C00A18768 /* FinalizingTaskView.xib in Resources */ = {isa = PBXBuildFile; fileRef = 8CA45A101B39032C00A18768 /* FinalizingTaskView.xib */; };
		8CA45A131B39059A00A18768 /* icon_finish_white@2x.png in Resources */ = {isa = PBXBuildFile; fileRef = 8CA45A121B39059A00A18768 /* icon_finish_white@2x.png */; };
		8CD23EB31B3425E300452F43 /* icon_proceed_white@2x.png in Resources */ = {isa = PBXBuildFile; fileRef = 8CD23EB21B3425E300452F43 /* icon_proceed_white@2x.png */; };
		8CD23EB91B342EA400452F43 /* MKTextField.swift in Sources */ = {isa = PBXBuildFile; fileRef = 8CD23EB81B342EA400452F43 /* MKTextField.swift */; };
		8CD23EBD1B3430A500452F43 /* MKLayer.swift in Sources */ = {isa = PBXBuildFile; fileRef = 8CD23EBB1B3430A500452F43 /* MKLayer.swift */; };
		8CD23EBE1B3430A500452F43 /* MKColor.swift in Sources */ = {isa = PBXBuildFile; fileRef = 8CD23EBC1B3430A500452F43 /* MKColor.swift */; };
		8CD23EC21B34354A00452F43 /* TimePickerView.m in Sources */ = {isa = PBXBuildFile; fileRef = 8CD23EC11B34354A00452F43 /* TimePickerView.m */; };
		8CD23EC41B34359800452F43 /* TimePickerView.xib in Resources */ = {isa = PBXBuildFile; fileRef = 8CD23EC31B34359800452F43 /* TimePickerView.xib */; };
		8CDFB39B1B30FEB0009B431A /* IntroView.xib in Resources */ = {isa = PBXBuildFile; fileRef = 8CDFB39A1B30FEB0009B431A /* IntroView.xib */; };
		8CDFB3A01B31308C009B431A /* TaskCreation.m in Sources */ = {isa = PBXBuildFile; fileRef = 8CDFB39F1B31308C009B431A /* TaskCreation.m */; };
		8CDFB3A21B3130AE009B431A /* TaskCreation.xib in Resources */ = {isa = PBXBuildFile; fileRef = 8CDFB3A11B3130AE009B431A /* TaskCreation.xib */; };
		8CDFB3A51B3133B2009B431A /* icon_proceed_blue@2x.png in Resources */ = {isa = PBXBuildFile; fileRef = 8CDFB3A41B3133B2009B431A /* icon_proceed_blue@2x.png */; };
		8CDFB3AA1B313A12009B431A /* FeRippleButton.m in Sources */ = {isa = PBXBuildFile; fileRef = 8CDFB3A91B313A12009B431A /* FeRippleButton.m */; };
		8CE8DC611B5A024B00EC7523 /* ProgressHUD.bundle in Resources */ = {isa = PBXBuildFile; fileRef = 8CE8DC5E1B5A024B00EC7523 /* ProgressHUD.bundle */; };
		8CE8DC621B5A024B00EC7523 /* ProgressHUD.m in Sources */ = {isa = PBXBuildFile; fileRef = 8CE8DC601B5A024B00EC7523 /* ProgressHUD.m */; };
		8CE8DC661B5A0FF400EC7523 /* LocalNotificationHandler.m in Sources */ = {isa = PBXBuildFile; fileRef = 8CE8DC651B5A0FF400EC7523 /* LocalNotificationHandler.m */; };
		8CE8DC791B5A143800EC7523 /* LNNotification.m in Sources */ = {isa = PBXBuildFile; fileRef = 8CE8DC691B5A143800EC7523 /* LNNotification.m */; };
		8CE8DC7A1B5A143800EC7523 /* LNNotificationAppSettings.m in Sources */ = {isa = PBXBuildFile; fileRef = 8CE8DC6C1B5A143800EC7523 /* LNNotificationAppSettings.m */; };
		8CE8DC7B1B5A143800EC7523 /* LNNotificationBannerView.m in Sources */ = {isa = PBXBuildFile; fileRef = 8CE8DC6E1B5A143800EC7523 /* LNNotificationBannerView.m */; };
		8CE8DC7C1B5A143800EC7523 /* LNNotificationBannerWindow.m in Sources */ = {isa = PBXBuildFile; fileRef = 8CE8DC701B5A143800EC7523 /* LNNotificationBannerWindow.m */; };
		8CE8DC7D1B5A143800EC7523 /* LNNotificationCenter.m in Sources */ = {isa = PBXBuildFile; fileRef = 8CE8DC721B5A143800EC7523 /* LNNotificationCenter.m */; };
		8CE8DC7E1B5A143800EC7523 /* LNNotificationsAppSettingsController.m in Sources */ = {isa = PBXBuildFile; fileRef = 8CE8DC741B5A143800EC7523 /* LNNotificationsAppSettingsController.m */; };
		8CE8DC7F1B5A143800EC7523 /* LNNotificationSettingsController.m in Sources */ = {isa = PBXBuildFile; fileRef = 8CE8DC761B5A143800EC7523 /* LNNotificationSettingsController.m */; };
		8CE8DC811B5A144300EC7523 /* LNNotificationsUIAssets.xcassets in Resources */ = {isa = PBXBuildFile; fileRef = 8CE8DC801B5A144300EC7523 /* LNNotificationsUIAssets.xcassets */; };
		8CE8DC851B5D0B7600EC7523 /* icon_cancel_white@2x.png in Resources */ = {isa = PBXBuildFile; fileRef = 8CE8DC841B5D0B7600EC7523 /* icon_cancel_white@2x.png */; };
		8CE8DC871B5D0F4000EC7523 /* icon_cancel_blue@2x.png in Resources */ = {isa = PBXBuildFile; fileRef = 8CE8DC861B5D0F4000EC7523 /* icon_cancel_blue@2x.png */; };
		995EFE5E1AE8D29C00B6ED17 /* main.m in Sources */ = {isa = PBXBuildFile; fileRef = 995EFE5D1AE8D29C00B6ED17 /* main.m */; };
		995EFE611AE8D29C00B6ED17 /* AppDelegate.m in Sources */ = {isa = PBXBuildFile; fileRef = 995EFE601AE8D29C00B6ED17 /* AppDelegate.m */; };
		995EFE641AE8D29C00B6ED17 /* ViewController.m in Sources */ = {isa = PBXBuildFile; fileRef = 995EFE631AE8D29C00B6ED17 /* ViewController.m */; };
		995EFE671AE8D29C00B6ED17 /* Main.storyboard in Resources */ = {isa = PBXBuildFile; fileRef = 995EFE651AE8D29C00B6ED17 /* Main.storyboard */; };
		995EFE691AE8D29C00B6ED17 /* Images.xcassets in Resources */ = {isa = PBXBuildFile; fileRef = 995EFE681AE8D29C00B6ED17 /* Images.xcassets */; };
		995EFE6C1AE8D29C00B6ED17 /* LaunchScreen.xib in Resources */ = {isa = PBXBuildFile; fileRef = 995EFE6A1AE8D29C00B6ED17 /* LaunchScreen.xib */; };
		995EFE781AE8D29C00B6ED17 /* Do_itTests.m in Sources */ = {isa = PBXBuildFile; fileRef = 995EFE771AE8D29C00B6ED17 /* Do_itTests.m */; };
		9984D9871B416FD500330E00 /* TimePickerViewController.m in Sources */ = {isa = PBXBuildFile; fileRef = 9984D9851B416FD500330E00 /* TimePickerViewController.m */; };
		9984D9881B416FD500330E00 /* TimePickerViewController.xib in Resources */ = {isa = PBXBuildFile; fileRef = 9984D9861B416FD500330E00 /* TimePickerViewController.xib */; };
		99E073EF1B3A9E27000C5EFF /* GlobalNoticeHandler.m in Sources */ = {isa = PBXBuildFile; fileRef = 99E073EE1B3A9E27000C5EFF /* GlobalNoticeHandler.m */; };
		99E3B1001B0A014200A13838 /* OngoingActivityInstance.m in Sources */ = {isa = PBXBuildFile; fileRef = 99E3B0FF1B0A014200A13838 /* OngoingActivityInstance.m */; };
/* End PBXBuildFile section */

/* Begin PBXContainerItemProxy section */
		995EFE721AE8D29C00B6ED17 /* PBXContainerItemProxy */ = {
			isa = PBXContainerItemProxy;
			containerPortal = 995EFE501AE8D29C00B6ED17 /* Project object */;
			proxyType = 1;
			remoteGlobalIDString = 995EFE571AE8D29C00B6ED17;
			remoteInfo = "Do it";
		};
/* End PBXContainerItemProxy section */

/* Begin PBXFileReference section */
		2E566A3A1B0C554500F05D55 /* digital-7.ttf */ = {isa = PBXFileReference; lastKnownFileType = file; path = "digital-7.ttf"; sourceTree = "<group>"; };
		2E70B8CB1B22F61600A359D9 /* ActivityTableViewCellController.h */ = {isa = PBXFileReference; fileEncoding = 4; lastKnownFileType = sourcecode.c.h; path = ActivityTableViewCellController.h; sourceTree = "<group>"; };
		2E70B8CC1B22F61600A359D9 /* ActivityTableViewCellController.m */ = {isa = PBXFileReference; fileEncoding = 4; lastKnownFileType = sourcecode.c.objc; path = ActivityTableViewCellController.m; sourceTree = "<group>"; };
		2E730E8D1B18194200110905 /* ActivitiesTableViewController.h */ = {isa = PBXFileReference; fileEncoding = 4; lastKnownFileType = sourcecode.c.h; path = ActivitiesTableViewController.h; sourceTree = "<group>"; };
		2E730E8E1B18194200110905 /* ActivitiesTableViewController.m */ = {isa = PBXFileReference; fileEncoding = 4; lastKnownFileType = sourcecode.c.objc; path = ActivitiesTableViewController.m; sourceTree = "<group>"; };
		2E79C9BF1B0C4827005AEDCD /* OngoingTableViewCell.h */ = {isa = PBXFileReference; fileEncoding = 4; lastKnownFileType = sourcecode.c.h; path = OngoingTableViewCell.h; sourceTree = "<group>"; };
		2E79C9C01B0C4827005AEDCD /* OngoingTableViewCell.m */ = {isa = PBXFileReference; fileEncoding = 4; lastKnownFileType = sourcecode.c.objc; path = OngoingTableViewCell.m; sourceTree = "<group>"; };
		2E79C9C11B0C4827005AEDCD /* OngoingTableViewCell.xib */ = {isa = PBXFileReference; fileEncoding = 4; lastKnownFileType = file.xib; path = OngoingTableViewCell.xib; sourceTree = "<group>"; };
		2E8D836E1B0AADF800FD44F5 /* PastAcheievementActivityInstance.h */ = {isa = PBXFileReference; fileEncoding = 4; lastKnownFileType = sourcecode.c.h; path = PastAcheievementActivityInstance.h; sourceTree = "<group>"; };
		2E8D836F1B0AADF800FD44F5 /* PastAcheievementActivityInstance.m */ = {isa = PBXFileReference; fileEncoding = 4; lastKnownFileType = sourcecode.c.objc; path = PastAcheievementActivityInstance.m; sourceTree = "<group>"; };
		2E8D83711B0AB08300FD44F5 /* FailedActivityInstance.h */ = {isa = PBXFileReference; fileEncoding = 4; lastKnownFileType = sourcecode.c.h; path = FailedActivityInstance.h; sourceTree = "<group>"; };
		2E8D83721B0AB08300FD44F5 /* FailedActivityInstance.m */ = {isa = PBXFileReference; fileEncoding = 4; lastKnownFileType = sourcecode.c.objc; path = FailedActivityInstance.m; sourceTree = "<group>"; };
		2E8D83751B0ABAF800FD44F5 /* ActivtyInstancesManager.h */ = {isa = PBXFileReference; fileEncoding = 4; lastKnownFileType = sourcecode.c.h; path = ActivtyInstancesManager.h; sourceTree = "<group>"; };
		2E8D83761B0ABAF800FD44F5 /* ActivtyInstancesManager.m */ = {isa = PBXFileReference; fileEncoding = 4; lastKnownFileType = sourcecode.c.objc; path = ActivtyInstancesManager.m; sourceTree = "<group>"; };
		2EB6B44E1B25735100D7C7A3 /* AchievedActivityTableViewCell.h */ = {isa = PBXFileReference; fileEncoding = 4; lastKnownFileType = sourcecode.c.h; path = AchievedActivityTableViewCell.h; sourceTree = "<group>"; };
		2EB6B44F1B25735100D7C7A3 /* AchievedActivityTableViewCell.m */ = {isa = PBXFileReference; fileEncoding = 4; lastKnownFileType = sourcecode.c.objc; path = AchievedActivityTableViewCell.m; sourceTree = "<group>"; };
		2EB6B4501B25735100D7C7A3 /* AchievedActivityTableViewCell.xib */ = {isa = PBXFileReference; fileEncoding = 4; lastKnownFileType = file.xib; path = AchievedActivityTableViewCell.xib; sourceTree = "<group>"; };
		2EB6B45B1B26960300D7C7A3 /* FailedActivityTableViewCell.h */ = {isa = PBXFileReference; fileEncoding = 4; lastKnownFileType = sourcecode.c.h; path = FailedActivityTableViewCell.h; sourceTree = "<group>"; };
		2EB6B45C1B26960300D7C7A3 /* FailedActivityTableViewCell.m */ = {isa = PBXFileReference; fileEncoding = 4; lastKnownFileType = sourcecode.c.objc; path = FailedActivityTableViewCell.m; sourceTree = "<group>"; };
		2EB6B45D1B26960300D7C7A3 /* FailedActivityTableViewCell.xib */ = {isa = PBXFileReference; fileEncoding = 4; lastKnownFileType = file.xib; path = FailedActivityTableViewCell.xib; sourceTree = "<group>"; };
		2EC7B1401B2802D3007375C9 /* MGSwipeButton.h */ = {isa = PBXFileReference; fileEncoding = 4; lastKnownFileType = sourcecode.c.h; path = MGSwipeButton.h; sourceTree = "<group>"; };
		2EC7B1411B2802D3007375C9 /* MGSwipeButton.m */ = {isa = PBXFileReference; fileEncoding = 4; lastKnownFileType = sourcecode.c.objc; path = MGSwipeButton.m; sourceTree = "<group>"; };
		2EC7B1421B2802D3007375C9 /* MGSwipeTableCell.h */ = {isa = PBXFileReference; fileEncoding = 4; lastKnownFileType = sourcecode.c.h; path = MGSwipeTableCell.h; sourceTree = "<group>"; };
		2EC7B1431B2802D3007375C9 /* MGSwipeTableCell.m */ = {isa = PBXFileReference; fileEncoding = 4; lastKnownFileType = sourcecode.c.objc; path = MGSwipeTableCell.m; sourceTree = "<group>"; };
		8C675CF11B2FF29F00D517CB /* JCDataPicker.h */ = {isa = PBXFileReference; fileEncoding = 4; lastKnownFileType = sourcecode.c.h; path = JCDataPicker.h; sourceTree = "<group>"; };
		8C675CF21B2FF29F00D517CB /* JCDataPicker.m */ = {isa = PBXFileReference; fileEncoding = 4; lastKnownFileType = sourcecode.c.objc; path = JCDataPicker.m; sourceTree = "<group>"; };
		8C675CF31B2FF29F00D517CB /* JCDataDelegate.h */ = {isa = PBXFileReference; fileEncoding = 4; lastKnownFileType = sourcecode.c.h; path = JCDataDelegate.h; sourceTree = "<group>"; };
		8C675CF61B2FF30B00D517CB /* UIViewController+CWPopup.h */ = {isa = PBXFileReference; fileEncoding = 4; lastKnownFileType = sourcecode.c.h; path = "UIViewController+CWPopup.h"; sourceTree = "<group>"; };
		8C675CF71B2FF30B00D517CB /* UIViewController+CWPopup.m */ = {isa = PBXFileReference; fileEncoding = 4; lastKnownFileType = sourcecode.c.objc; path = "UIViewController+CWPopup.m"; sourceTree = "<group>"; };
		8C675CFA1B2FF44900D517CB /* DelayTimeSelectionViewController.h */ = {isa = PBXFileReference; fileEncoding = 4; lastKnownFileType = sourcecode.c.h; path = DelayTimeSelectionViewController.h; sourceTree = "<group>"; };
		8C675CFB1B2FF44900D517CB /* DelayTimeSelectionViewController.m */ = {isa = PBXFileReference; fileEncoding = 4; lastKnownFileType = sourcecode.c.objc; path = DelayTimeSelectionViewController.m; sourceTree = "<group>"; };
		8C675CFC1B2FF44900D517CB /* DelayTimeSelectionViewController.xib */ = {isa = PBXFileReference; fileEncoding = 4; lastKnownFileType = file.xib; path = DelayTimeSelectionViewController.xib; sourceTree = "<group>"; };
		8C675D001B2FF7EA00D517CB /* DelayTimeViewControllerDelegate.h */ = {isa = PBXFileReference; fileEncoding = 4; lastKnownFileType = sourcecode.c.h; path = DelayTimeViewControllerDelegate.h; sourceTree = "<group>"; };
		8C675D071B303E0A00D517CB /* UIView+MaterialDesign.h */ = {isa = PBXFileReference; fileEncoding = 4; lastKnownFileType = sourcecode.c.h; path = "UIView+MaterialDesign.h"; sourceTree = "<group>"; };
		8C675D081B303E0A00D517CB /* UIView+MaterialDesign.m */ = {isa = PBXFileReference; fileEncoding = 4; lastKnownFileType = sourcecode.c.objc; path = "UIView+MaterialDesign.m"; sourceTree = "<group>"; };
		8C675D101B30407D00D517CB /* EventCreationViewController.h */ = {isa = PBXFileReference; fileEncoding = 4; lastKnownFileType = sourcecode.c.h; path = EventCreationViewController.h; sourceTree = "<group>"; };
		8C675D111B30407D00D517CB /* EventCreationViewController.m */ = {isa = PBXFileReference; fileEncoding = 4; lastKnownFileType = sourcecode.c.objc; path = EventCreationViewController.m; sourceTree = "<group>"; };
		8C675D121B30407D00D517CB /* EventCreationViewController.xib */ = {isa = PBXFileReference; fileEncoding = 4; lastKnownFileType = file.xib; path = EventCreationViewController.xib; sourceTree = "<group>"; };
		8C675D151B30412100D517CB /* IntroView.h */ = {isa = PBXFileReference; fileEncoding = 4; lastKnownFileType = sourcecode.c.h; path = IntroView.h; sourceTree = "<group>"; };
		8C675D161B30412100D517CB /* IntroView.m */ = {isa = PBXFileReference; fileEncoding = 4; lastKnownFileType = sourcecode.c.objc; path = IntroView.m; sourceTree = "<group>"; };
		8C675D181B30497300D517CB /* FeRadialButton.h */ = {isa = PBXFileReference; fileEncoding = 4; lastKnownFileType = sourcecode.c.h; path = FeRadialButton.h; sourceTree = "<group>"; };
		8C675D191B30497300D517CB /* FeRadialButton.m */ = {isa = PBXFileReference; fileEncoding = 4; lastKnownFileType = sourcecode.c.objc; path = FeRadialButton.m; sourceTree = "<group>"; };
		8C675D1A1B30497300D517CB /* UIColor+flat.h */ = {isa = PBXFileReference; fileEncoding = 4; lastKnownFileType = sourcecode.c.h; path = "UIColor+flat.h"; sourceTree = "<group>"; };
		8C675D1B1B30497300D517CB /* UIColor+flat.m */ = {isa = PBXFileReference; fileEncoding = 4; lastKnownFileType = sourcecode.c.objc; path = "UIColor+flat.m"; sourceTree = "<group>"; };
		8C675D1E1B30498F00D517CB /* FeBasicAnimationBlock.h */ = {isa = PBXFileReference; fileEncoding = 4; lastKnownFileType = sourcecode.c.h; path = FeBasicAnimationBlock.h; sourceTree = "<group>"; };
		8C675D1F1B30498F00D517CB /* FeBasicAnimationBlock.m */ = {isa = PBXFileReference; fileEncoding = 4; lastKnownFileType = sourcecode.c.objc; path = FeBasicAnimationBlock.m; sourceTree = "<group>"; };
		8C675D211B3049A300D517CB /* QuartzCore.framework */ = {isa = PBXFileReference; lastKnownFileType = wrapper.framework; name = QuartzCore.framework; path = System/Library/Frameworks/QuartzCore.framework; sourceTree = SDKROOT; };
		8C8202301B7ECE0900C59F0B /* ActivityListTableViewController.h */ = {isa = PBXFileReference; fileEncoding = 4; lastKnownFileType = sourcecode.c.h; path = ActivityListTableViewController.h; sourceTree = "<group>"; };
		8C8202311B7ECE0900C59F0B /* ActivityListTableViewController.m */ = {isa = PBXFileReference; fileEncoding = 4; lastKnownFileType = sourcecode.c.objc; path = ActivityListTableViewController.m; sourceTree = "<group>"; };
		8C8202341B7ECE3F00C59F0B /* CarbonKit.h */ = {isa = PBXFileReference; fileEncoding = 4; lastKnownFileType = sourcecode.c.h; path = CarbonKit.h; sourceTree = "<group>"; };
		8C8202351B7ECE3F00C59F0B /* CarbonTabSwipeNavigation.h */ = {isa = PBXFileReference; fileEncoding = 4; lastKnownFileType = sourcecode.c.h; path = CarbonTabSwipeNavigation.h; sourceTree = "<group>"; };
		8C8202361B7ECE3F00C59F0B /* CarbonTabSwipeNavigation.m */ = {isa = PBXFileReference; fileEncoding = 4; lastKnownFileType = sourcecode.c.objc; path = CarbonTabSwipeNavigation.m; sourceTree = "<group>"; };
		8C8E5FB21B6B8C0D001A2C63 /* SF-UI-Display-Light.otf */ = {isa = PBXFileReference; lastKnownFileType = file; path = "SF-UI-Display-Light.otf"; sourceTree = "<group>"; };
		8C8E5FB31B6B8C0D001A2C63 /* SF-UI-Display-Medium.otf */ = {isa = PBXFileReference; lastKnownFileType = file; path = "SF-UI-Display-Medium.otf"; sourceTree = "<group>"; };
		8C8E5FB41B6B8C0D001A2C63 /* SF-UI-Display-Regular.otf */ = {isa = PBXFileReference; lastKnownFileType = file; path = "SF-UI-Display-Regular.otf"; sourceTree = "<group>"; };
		8C8E5FBB1B70BEB3001A2C63 /* SCLAlertView.swift */ = {isa = PBXFileReference; fileEncoding = 4; lastKnownFileType = sourcecode.swift; path = SCLAlertView.swift; sourceTree = "<group>"; };
		8C8E5FBE1B72226B001A2C63 /* icon_cancel_red@2x.png */ = {isa = PBXFileReference; lastKnownFileType = image.png; path = "icon_cancel_red@2x.png"; sourceTree = "<group>"; };
		8CA45A0D1B39030400A18768 /* FinalizingTaskView.h */ = {isa = PBXFileReference; fileEncoding = 4; lastKnownFileType = sourcecode.c.h; path = FinalizingTaskView.h; sourceTree = "<group>"; };
		8CA45A0E1B39030400A18768 /* FinalizingTaskView.m */ = {isa = PBXFileReference; fileEncoding = 4; lastKnownFileType = sourcecode.c.objc; path = FinalizingTaskView.m; sourceTree = "<group>"; };
		8CA45A101B39032C00A18768 /* FinalizingTaskView.xib */ = {isa = PBXFileReference; fileEncoding = 4; lastKnownFileType = file.xib; path = FinalizingTaskView.xib; sourceTree = "<group>"; };
		8CA45A121B39059A00A18768 /* icon_finish_white@2x.png */ = {isa = PBXFileReference; lastKnownFileType = image.png; path = "icon_finish_white@2x.png"; sourceTree = "<group>"; };
		8CA45A151B39116300A18768 /* EventCreationDelegate.h */ = {isa = PBXFileReference; fileEncoding = 4; lastKnownFileType = sourcecode.c.h; path = EventCreationDelegate.h; sourceTree = "<group>"; };
		8CA7024A1B4E242E004E904A /* Constants.h */ = {isa = PBXFileReference; fileEncoding = 4; lastKnownFileType = sourcecode.c.h; path = Constants.h; sourceTree = "<group>"; };
		8CD23EB21B3425E300452F43 /* icon_proceed_white@2x.png */ = {isa = PBXFileReference; lastKnownFileType = image.png; path = "icon_proceed_white@2x.png"; sourceTree = "<group>"; };
		8CD23EB81B342EA400452F43 /* MKTextField.swift */ = {isa = PBXFileReference; fileEncoding = 4; lastKnownFileType = sourcecode.swift; path = MKTextField.swift; sourceTree = "<group>"; };
		8CD23EBA1B342FA200452F43 /* SwiftBridging.h */ = {isa = PBXFileReference; fileEncoding = 4; lastKnownFileType = sourcecode.c.h; path = SwiftBridging.h; sourceTree = "<group>"; };
		8CD23EBB1B3430A500452F43 /* MKLayer.swift */ = {isa = PBXFileReference; fileEncoding = 4; lastKnownFileType = sourcecode.swift; path = MKLayer.swift; sourceTree = "<group>"; };
		8CD23EBC1B3430A500452F43 /* MKColor.swift */ = {isa = PBXFileReference; fileEncoding = 4; lastKnownFileType = sourcecode.swift; path = MKColor.swift; sourceTree = "<group>"; };
		8CD23EC01B34354A00452F43 /* TimePickerView.h */ = {isa = PBXFileReference; fileEncoding = 4; lastKnownFileType = sourcecode.c.h; path = TimePickerView.h; sourceTree = "<group>"; };
		8CD23EC11B34354A00452F43 /* TimePickerView.m */ = {isa = PBXFileReference; fileEncoding = 4; lastKnownFileType = sourcecode.c.objc; path = TimePickerView.m; sourceTree = "<group>"; };
		8CD23EC31B34359800452F43 /* TimePickerView.xib */ = {isa = PBXFileReference; fileEncoding = 4; lastKnownFileType = file.xib; path = TimePickerView.xib; sourceTree = "<group>"; };
		8CDFB39A1B30FEB0009B431A /* IntroView.xib */ = {isa = PBXFileReference; fileEncoding = 4; lastKnownFileType = file.xib; path = IntroView.xib; sourceTree = "<group>"; };
		8CDFB39E1B31308C009B431A /* TaskCreation.h */ = {isa = PBXFileReference; fileEncoding = 4; lastKnownFileType = sourcecode.c.h; path = TaskCreation.h; sourceTree = "<group>"; };
		8CDFB39F1B31308C009B431A /* TaskCreation.m */ = {isa = PBXFileReference; fileEncoding = 4; lastKnownFileType = sourcecode.c.objc; path = TaskCreation.m; sourceTree = "<group>"; };
		8CDFB3A11B3130AE009B431A /* TaskCreation.xib */ = {isa = PBXFileReference; fileEncoding = 4; lastKnownFileType = file.xib; path = TaskCreation.xib; sourceTree = "<group>"; };
		8CDFB3A41B3133B2009B431A /* icon_proceed_blue@2x.png */ = {isa = PBXFileReference; lastKnownFileType = image.png; path = "icon_proceed_blue@2x.png"; sourceTree = "<group>"; };
		8CDFB3A81B313A12009B431A /* FeRippleButton.h */ = {isa = PBXFileReference; fileEncoding = 4; lastKnownFileType = sourcecode.c.h; path = FeRippleButton.h; sourceTree = "<group>"; };
		8CDFB3A91B313A12009B431A /* FeRippleButton.m */ = {isa = PBXFileReference; fileEncoding = 4; lastKnownFileType = sourcecode.c.objc; path = FeRippleButton.m; sourceTree = "<group>"; };
		8CE8DC5E1B5A024B00EC7523 /* ProgressHUD.bundle */ = {isa = PBXFileReference; lastKnownFileType = "wrapper.plug-in"; path = ProgressHUD.bundle; sourceTree = "<group>"; };
		8CE8DC5F1B5A024B00EC7523 /* ProgressHUD.h */ = {isa = PBXFileReference; fileEncoding = 4; lastKnownFileType = sourcecode.c.h; path = ProgressHUD.h; sourceTree = "<group>"; };
		8CE8DC601B5A024B00EC7523 /* ProgressHUD.m */ = {isa = PBXFileReference; fileEncoding = 4; lastKnownFileType = sourcecode.c.objc; path = ProgressHUD.m; sourceTree = "<group>"; };
		8CE8DC641B5A0FF400EC7523 /* LocalNotificationHandler.h */ = {isa = PBXFileReference; fileEncoding = 4; lastKnownFileType = sourcecode.c.h; path = LocalNotificationHandler.h; sourceTree = "<group>"; };
		8CE8DC651B5A0FF400EC7523 /* LocalNotificationHandler.m */ = {isa = PBXFileReference; fileEncoding = 4; lastKnownFileType = sourcecode.c.objc; path = LocalNotificationHandler.m; sourceTree = "<group>"; };
		8CE8DC681B5A143800EC7523 /* LNNotification.h */ = {isa = PBXFileReference; fileEncoding = 4; lastKnownFileType = sourcecode.c.h; path = LNNotification.h; sourceTree = "<group>"; };
		8CE8DC691B5A143800EC7523 /* LNNotification.m */ = {isa = PBXFileReference; fileEncoding = 4; lastKnownFileType = sourcecode.c.objc; path = LNNotification.m; sourceTree = "<group>"; };
		8CE8DC6A1B5A143800EC7523 /* LNNotificationAppSettings_Private.h */ = {isa = PBXFileReference; fileEncoding = 4; lastKnownFileType = sourcecode.c.h; path = LNNotificationAppSettings_Private.h; sourceTree = "<group>"; };
		8CE8DC6B1B5A143800EC7523 /* LNNotificationAppSettings.h */ = {isa = PBXFileReference; fileEncoding = 4; lastKnownFileType = sourcecode.c.h; path = LNNotificationAppSettings.h; sourceTree = "<group>"; };
		8CE8DC6C1B5A143800EC7523 /* LNNotificationAppSettings.m */ = {isa = PBXFileReference; fileEncoding = 4; lastKnownFileType = sourcecode.c.objc; path = LNNotificationAppSettings.m; sourceTree = "<group>"; };
		8CE8DC6D1B5A143800EC7523 /* LNNotificationBannerView.h */ = {isa = PBXFileReference; fileEncoding = 4; lastKnownFileType = sourcecode.c.h; path = LNNotificationBannerView.h; sourceTree = "<group>"; };
		8CE8DC6E1B5A143800EC7523 /* LNNotificationBannerView.m */ = {isa = PBXFileReference; fileEncoding = 4; lastKnownFileType = sourcecode.c.objc; path = LNNotificationBannerView.m; sourceTree = "<group>"; };
		8CE8DC6F1B5A143800EC7523 /* LNNotificationBannerWindow.h */ = {isa = PBXFileReference; fileEncoding = 4; lastKnownFileType = sourcecode.c.h; path = LNNotificationBannerWindow.h; sourceTree = "<group>"; };
		8CE8DC701B5A143800EC7523 /* LNNotificationBannerWindow.m */ = {isa = PBXFileReference; fileEncoding = 4; lastKnownFileType = sourcecode.c.objc; path = LNNotificationBannerWindow.m; sourceTree = "<group>"; };
		8CE8DC711B5A143800EC7523 /* LNNotificationCenter.h */ = {isa = PBXFileReference; fileEncoding = 4; lastKnownFileType = sourcecode.c.h; path = LNNotificationCenter.h; sourceTree = "<group>"; };
		8CE8DC721B5A143800EC7523 /* LNNotificationCenter.m */ = {isa = PBXFileReference; fileEncoding = 4; lastKnownFileType = sourcecode.c.objc; path = LNNotificationCenter.m; sourceTree = "<group>"; };
		8CE8DC731B5A143800EC7523 /* LNNotificationsAppSettingsController.h */ = {isa = PBXFileReference; fileEncoding = 4; lastKnownFileType = sourcecode.c.h; path = LNNotificationsAppSettingsController.h; sourceTree = "<group>"; };
		8CE8DC741B5A143800EC7523 /* LNNotificationsAppSettingsController.m */ = {isa = PBXFileReference; fileEncoding = 4; lastKnownFileType = sourcecode.c.objc; path = LNNotificationsAppSettingsController.m; sourceTree = "<group>"; };
		8CE8DC751B5A143800EC7523 /* LNNotificationSettingsController.h */ = {isa = PBXFileReference; fileEncoding = 4; lastKnownFileType = sourcecode.c.h; path = LNNotificationSettingsController.h; sourceTree = "<group>"; };
		8CE8DC761B5A143800EC7523 /* LNNotificationSettingsController.m */ = {isa = PBXFileReference; fileEncoding = 4; lastKnownFileType = sourcecode.c.objc; path = LNNotificationSettingsController.m; sourceTree = "<group>"; };
		8CE8DC771B5A143800EC7523 /* LNNotificationsUI_iOS7.1.h */ = {isa = PBXFileReference; fileEncoding = 4; lastKnownFileType = sourcecode.c.h; path = LNNotificationsUI_iOS7.1.h; sourceTree = "<group>"; };
		8CE8DC781B5A143800EC7523 /* LNNotificationsUI.h */ = {isa = PBXFileReference; fileEncoding = 4; lastKnownFileType = sourcecode.c.h; path = LNNotificationsUI.h; sourceTree = "<group>"; };
		8CE8DC801B5A144300EC7523 /* LNNotificationsUIAssets.xcassets */ = {isa = PBXFileReference; lastKnownFileType = folder.assetcatalog; path = LNNotificationsUIAssets.xcassets; sourceTree = "<group>"; };
		8CE8DC841B5D0B7600EC7523 /* icon_cancel_white@2x.png */ = {isa = PBXFileReference; lastKnownFileType = image.png; path = "icon_cancel_white@2x.png"; sourceTree = "<group>"; };
		8CE8DC861B5D0F4000EC7523 /* icon_cancel_blue@2x.png */ = {isa = PBXFileReference; lastKnownFileType = image.png; path = "icon_cancel_blue@2x.png"; sourceTree = "<group>"; };
		995EFE581AE8D29C00B6ED17 /* Do it.app */ = {isa = PBXFileReference; explicitFileType = wrapper.application; includeInIndex = 0; path = "Do it.app"; sourceTree = BUILT_PRODUCTS_DIR; };
		995EFE5C1AE8D29C00B6ED17 /* Info.plist */ = {isa = PBXFileReference; lastKnownFileType = text.plist.xml; path = Info.plist; sourceTree = "<group>"; };
		995EFE5D1AE8D29C00B6ED17 /* main.m */ = {isa = PBXFileReference; lastKnownFileType = sourcecode.c.objc; path = main.m; sourceTree = "<group>"; };
		995EFE5F1AE8D29C00B6ED17 /* AppDelegate.h */ = {isa = PBXFileReference; lastKnownFileType = sourcecode.c.h; path = AppDelegate.h; sourceTree = "<group>"; };
		995EFE601AE8D29C00B6ED17 /* AppDelegate.m */ = {isa = PBXFileReference; lastKnownFileType = sourcecode.c.objc; path = AppDelegate.m; sourceTree = "<group>"; };
		995EFE621AE8D29C00B6ED17 /* ViewController.h */ = {isa = PBXFileReference; lastKnownFileType = sourcecode.c.h; path = ViewController.h; sourceTree = "<group>"; };
		995EFE631AE8D29C00B6ED17 /* ViewController.m */ = {isa = PBXFileReference; lastKnownFileType = sourcecode.c.objc; path = ViewController.m; sourceTree = "<group>"; };
		995EFE661AE8D29C00B6ED17 /* Base */ = {isa = PBXFileReference; lastKnownFileType = file.storyboard; name = Base; path = Base.lproj/Main.storyboard; sourceTree = "<group>"; };
		995EFE681AE8D29C00B6ED17 /* Images.xcassets */ = {isa = PBXFileReference; lastKnownFileType = folder.assetcatalog; path = Images.xcassets; sourceTree = "<group>"; };
		995EFE6B1AE8D29C00B6ED17 /* Base */ = {isa = PBXFileReference; lastKnownFileType = file.xib; name = Base; path = Base.lproj/LaunchScreen.xib; sourceTree = "<group>"; };
		995EFE711AE8D29C00B6ED17 /* Do itTests.xctest */ = {isa = PBXFileReference; explicitFileType = wrapper.cfbundle; includeInIndex = 0; path = "Do itTests.xctest"; sourceTree = BUILT_PRODUCTS_DIR; };
		995EFE761AE8D29C00B6ED17 /* Info.plist */ = {isa = PBXFileReference; lastKnownFileType = text.plist.xml; path = Info.plist; sourceTree = "<group>"; };
		995EFE771AE8D29C00B6ED17 /* Do_itTests.m */ = {isa = PBXFileReference; lastKnownFileType = sourcecode.c.objc; path = Do_itTests.m; sourceTree = "<group>"; };
		9984D9841B416FD500330E00 /* TimePickerViewController.h */ = {isa = PBXFileReference; fileEncoding = 4; lastKnownFileType = sourcecode.c.h; path = TimePickerViewController.h; sourceTree = "<group>"; };
		9984D9851B416FD500330E00 /* TimePickerViewController.m */ = {isa = PBXFileReference; fileEncoding = 4; lastKnownFileType = sourcecode.c.objc; path = TimePickerViewController.m; sourceTree = "<group>"; };
		9984D9861B416FD500330E00 /* TimePickerViewController.xib */ = {isa = PBXFileReference; fileEncoding = 4; lastKnownFileType = file.xib; path = TimePickerViewController.xib; sourceTree = "<group>"; };
		9984D98A1B42B5C200330E00 /* TimePickerViewControllerDelegate.h */ = {isa = PBXFileReference; lastKnownFileType = sourcecode.c.h; path = TimePickerViewControllerDelegate.h; sourceTree = "<group>"; };
		99E073ED1B3A9E27000C5EFF /* GlobalNoticeHandler.h */ = {isa = PBXFileReference; fileEncoding = 4; lastKnownFileType = sourcecode.c.h; path = GlobalNoticeHandler.h; sourceTree = "<group>"; };
		99E073EE1B3A9E27000C5EFF /* GlobalNoticeHandler.m */ = {isa = PBXFileReference; fileEncoding = 4; lastKnownFileType = sourcecode.c.objc; path = GlobalNoticeHandler.m; sourceTree = "<group>"; };
		99E3B0FE1B0A014200A13838 /* OngoingActivityInstance.h */ = {isa = PBXFileReference; fileEncoding = 4; lastKnownFileType = sourcecode.c.h; path = OngoingActivityInstance.h; sourceTree = "<group>"; };
		99E3B0FF1B0A014200A13838 /* OngoingActivityInstance.m */ = {isa = PBXFileReference; fileEncoding = 4; lastKnownFileType = sourcecode.c.objc; path = OngoingActivityInstance.m; sourceTree = "<group>"; };
/* End PBXFileReference section */

/* Begin PBXFrameworksBuildPhase section */
		995EFE551AE8D29C00B6ED17 /* Frameworks */ = {
			isa = PBXFrameworksBuildPhase;
			buildActionMask = 2147483647;
			files = (
				8C675D221B3049A300D517CB /* QuartzCore.framework in Frameworks */,
			);
			runOnlyForDeploymentPostprocessing = 0;
		};
		995EFE6E1AE8D29C00B6ED17 /* Frameworks */ = {
			isa = PBXFrameworksBuildPhase;
			buildActionMask = 2147483647;
			files = (
			);
			runOnlyForDeploymentPostprocessing = 0;
		};
/* End PBXFrameworksBuildPhase section */

/* Begin PBXGroup section */
		2E566A391B0C552400F05D55 /* Font */ = {
			isa = PBXGroup;
			children = (
				8C8E5FB21B6B8C0D001A2C63 /* SF-UI-Display-Light.otf */,
				8C8E5FB31B6B8C0D001A2C63 /* SF-UI-Display-Medium.otf */,
				8C8E5FB41B6B8C0D001A2C63 /* SF-UI-Display-Regular.otf */,
				2E566A3A1B0C554500F05D55 /* digital-7.ttf */,
			);
			name = Font;
			sourceTree = "<group>";
		};
		2E70B8CA1B22D78400A359D9 /* Ongoings */ = {
			isa = PBXGroup;
			children = (
				2E79C9BF1B0C4827005AEDCD /* OngoingTableViewCell.h */,
				2E79C9C01B0C4827005AEDCD /* OngoingTableViewCell.m */,
				2E79C9C11B0C4827005AEDCD /* OngoingTableViewCell.xib */,
			);
			name = Ongoings;
			sourceTree = "<group>";
		};
		2E730E8C1B18191400110905 /* Activities TableView */ = {
			isa = PBXGroup;
			children = (
				2E730E8D1B18194200110905 /* ActivitiesTableViewController.h */,
				2E730E8E1B18194200110905 /* ActivitiesTableViewController.m */,
			);
			name = "Activities TableView";
			sourceTree = "<group>";
		};
		2E79C9BE1B0BFDD0005AEDCD /* Activity TableViewCells */ = {
			isa = PBXGroup;
			children = (
				2EB6B4601B26960F00D7C7A3 /* Failed */,
				2EB6B44D1B25731C00D7C7A3 /* Achievements */,
				2E70B8CA1B22D78400A359D9 /* Ongoings */,
			);
			name = "Activity TableViewCells";
			sourceTree = "<group>";
		};
		2E8D83741B0ABA1900FD44F5 /* Activity Management  */ = {
			isa = PBXGroup;
			children = (
				2E8D83751B0ABAF800FD44F5 /* ActivtyInstancesManager.h */,
				2E8D83761B0ABAF800FD44F5 /* ActivtyInstancesManager.m */,
				2E70B8CB1B22F61600A359D9 /* ActivityTableViewCellController.h */,
				2E70B8CC1B22F61600A359D9 /* ActivityTableViewCellController.m */,
			);
			name = "Activity Management ";
			sourceTree = "<group>";
		};
		2EB6B44D1B25731C00D7C7A3 /* Achievements */ = {
			isa = PBXGroup;
			children = (
				2EB6B44E1B25735100D7C7A3 /* AchievedActivityTableViewCell.h */,
				2EB6B44F1B25735100D7C7A3 /* AchievedActivityTableViewCell.m */,
				2EB6B4501B25735100D7C7A3 /* AchievedActivityTableViewCell.xib */,
			);
			name = Achievements;
			sourceTree = "<group>";
		};
		2EB6B4601B26960F00D7C7A3 /* Failed */ = {
			isa = PBXGroup;
			children = (
				2EB6B45B1B26960300D7C7A3 /* FailedActivityTableViewCell.h */,
				2EB6B45C1B26960300D7C7A3 /* FailedActivityTableViewCell.m */,
				2EB6B45D1B26960300D7C7A3 /* FailedActivityTableViewCell.xib */,
			);
			name = Failed;
			sourceTree = "<group>";
		};
		2EC7B13F1B2802BE007375C9 /* SwipeCell */ = {
			isa = PBXGroup;
			children = (
				2EC7B1401B2802D3007375C9 /* MGSwipeButton.h */,
				2EC7B1411B2802D3007375C9 /* MGSwipeButton.m */,
				2EC7B1421B2802D3007375C9 /* MGSwipeTableCell.h */,
				2EC7B1431B2802D3007375C9 /* MGSwipeTableCell.m */,
			);
			name = SwipeCell;
			sourceTree = "<group>";
		};
		8C675CF01B2FF03800D517CB /* PopupPicker */ = {
			isa = PBXGroup;
			children = (
				8C675CF11B2FF29F00D517CB /* JCDataPicker.h */,
				8C675CF21B2FF29F00D517CB /* JCDataPicker.m */,
				8C675CF31B2FF29F00D517CB /* JCDataDelegate.h */,
			);
			name = PopupPicker;
			sourceTree = "<group>";
		};
		8C675CF51B2FF2F900D517CB /* PopupViewController */ = {
			isa = PBXGroup;
			children = (
				8C675CF61B2FF30B00D517CB /* UIViewController+CWPopup.h */,
				8C675CF71B2FF30B00D517CB /* UIViewController+CWPopup.m */,
			);
			name = PopupViewController;
			sourceTree = "<group>";
		};
		8C675CF91B2FF3C700D517CB /* Extra ViewControllers */ = {
			isa = PBXGroup;
			children = (
				9984D9891B42B58B00330E00 /* TimePickerViewController */,
				8C675D021B302E5D00D517CB /* EventCreationViewController */,
				8C675D011B302E4700D517CB /* DelayTimeViewController */,
			);
			name = "Extra ViewControllers";
			sourceTree = "<group>";
		};
		8C675D011B302E4700D517CB /* DelayTimeViewController */ = {
			isa = PBXGroup;
			children = (
				8C675CFA1B2FF44900D517CB /* DelayTimeSelectionViewController.h */,
				8C675CFB1B2FF44900D517CB /* DelayTimeSelectionViewController.m */,
				8C675CFC1B2FF44900D517CB /* DelayTimeSelectionViewController.xib */,
				8C675D001B2FF7EA00D517CB /* DelayTimeViewControllerDelegate.h */,
			);
			name = DelayTimeViewController;
			sourceTree = "<group>";
		};
		8C675D021B302E5D00D517CB /* EventCreationViewController */ = {
			isa = PBXGroup;
			children = (
				8C675D0F1B303F6100D517CB /* Views */,
				8C675D101B30407D00D517CB /* EventCreationViewController.h */,
				8C675D111B30407D00D517CB /* EventCreationViewController.m */,
				8C675D121B30407D00D517CB /* EventCreationViewController.xib */,
				8CA45A151B39116300A18768 /* EventCreationDelegate.h */,
			);
			name = EventCreationViewController;
			sourceTree = "<group>";
		};
		8C675D061B303DF300D517CB /* MaterialViewTransition */ = {
			isa = PBXGroup;
			children = (
				8C675D071B303E0A00D517CB /* UIView+MaterialDesign.h */,
				8C675D081B303E0A00D517CB /* UIView+MaterialDesign.m */,
			);
			name = MaterialViewTransition;
			sourceTree = "<group>";
		};
		8C675D0A1B303EE000D517CB /* MaterialRadialButton */ = {
			isa = PBXGroup;
			children = (
				8CDFB3A81B313A12009B431A /* FeRippleButton.h */,
				8CDFB3A91B313A12009B431A /* FeRippleButton.m */,
				8C675D1E1B30498F00D517CB /* FeBasicAnimationBlock.h */,
				8C675D1F1B30498F00D517CB /* FeBasicAnimationBlock.m */,
				8C675D181B30497300D517CB /* FeRadialButton.h */,
				8C675D191B30497300D517CB /* FeRadialButton.m */,
				8C675D1A1B30497300D517CB /* UIColor+flat.h */,
				8C675D1B1B30497300D517CB /* UIColor+flat.m */,
			);
			name = MaterialRadialButton;
			sourceTree = "<group>";
		};
		8C675D0F1B303F6100D517CB /* Views */ = {
			isa = PBXGroup;
			children = (
				8CA45A0C1B3902D400A18768 /* Finalizing */,
				8CD23EBF1B34351A00452F43 /* Time Picker */,
				8CDFB39D1B313031009B431A /* Task */,
				8CDFB39C1B313019009B431A /* Intro */,
			);
			name = Views;
			sourceTree = "<group>";
		};
		8C82022F1B7ECDCC00C59F0B /* ActivityListViewController */ = {
			isa = PBXGroup;
			children = (
				8C8202301B7ECE0900C59F0B /* ActivityListTableViewController.h */,
				8C8202311B7ECE0900C59F0B /* ActivityListTableViewController.m */,
			);
			name = ActivityListViewController;
			sourceTree = "<group>";
		};
		8C8202331B7ECE1F00C59F0B /* CarbonKit */ = {
			isa = PBXGroup;
			children = (
				8C8202341B7ECE3F00C59F0B /* CarbonKit.h */,
				8C8202351B7ECE3F00C59F0B /* CarbonTabSwipeNavigation.h */,
				8C8202361B7ECE3F00C59F0B /* CarbonTabSwipeNavigation.m */,
			);
			name = CarbonKit;
			sourceTree = "<group>";
		};
		8C8E5FB81B70B23C001A2C63 /* SLAlertView */ = {
			isa = PBXGroup;
			children = (
				8C8E5FBB1B70BEB3001A2C63 /* SCLAlertView.swift */,
			);
			name = SLAlertView;
			sourceTree = "<group>";
		};
		8CA45A0C1B3902D400A18768 /* Finalizing */ = {
			isa = PBXGroup;
			children = (
				8CA45A0D1B39030400A18768 /* FinalizingTaskView.h */,
				8CA45A0E1B39030400A18768 /* FinalizingTaskView.m */,
				8CA45A101B39032C00A18768 /* FinalizingTaskView.xib */,
			);
			name = Finalizing;
			sourceTree = "<group>";
		};
		8CA702491B4E2416004E904A /* Constants */ = {
			isa = PBXGroup;
			children = (
				8CA7024A1B4E242E004E904A /* Constants.h */,
			);
			name = Constants;
			sourceTree = "<group>";
		};
		8CA7024C1B4E3D49004E904A /* Frameworks */ = {
			isa = PBXGroup;
			children = (
				8C675D211B3049A300D517CB /* QuartzCore.framework */,
			);
			name = Frameworks;
			sourceTree = "<group>";
		};
		8CD23EB41B342C4600452F43 /* MaterialKit */ = {
			isa = PBXGroup;
			children = (
				8CD23EBB1B3430A500452F43 /* MKLayer.swift */,
				8CD23EBC1B3430A500452F43 /* MKColor.swift */,
				8CD23EB81B342EA400452F43 /* MKTextField.swift */,
			);
			name = MaterialKit;
			sourceTree = "<group>";
		};
		8CD23EBF1B34351A00452F43 /* Time Picker */ = {
			isa = PBXGroup;
			children = (
				8CD23EC01B34354A00452F43 /* TimePickerView.h */,
				8CD23EC11B34354A00452F43 /* TimePickerView.m */,
				8CD23EC31B34359800452F43 /* TimePickerView.xib */,
			);
			name = "Time Picker";
			sourceTree = "<group>";
		};
		8CDFB39C1B313019009B431A /* Intro */ = {
			isa = PBXGroup;
			children = (
				8C675D151B30412100D517CB /* IntroView.h */,
				8C675D161B30412100D517CB /* IntroView.m */,
				8CDFB39A1B30FEB0009B431A /* IntroView.xib */,
			);
			name = Intro;
			sourceTree = "<group>";
		};
		8CDFB39D1B313031009B431A /* Task */ = {
			isa = PBXGroup;
			children = (
				8CDFB39E1B31308C009B431A /* TaskCreation.h */,
				8CDFB39F1B31308C009B431A /* TaskCreation.m */,
				8CDFB3A11B3130AE009B431A /* TaskCreation.xib */,
			);
			name = Task;
			sourceTree = "<group>";
		};
		8CDFB3A31B313256009B431A /* Images */ = {
			isa = PBXGroup;
			children = (
				8C8E5FBE1B72226B001A2C63 /* icon_cancel_red@2x.png */,
				8CE8DC861B5D0F4000EC7523 /* icon_cancel_blue@2x.png */,
				8CE8DC841B5D0B7600EC7523 /* icon_cancel_white@2x.png */,
				8CA45A121B39059A00A18768 /* icon_finish_white@2x.png */,
				8CD23EB21B3425E300452F43 /* icon_proceed_white@2x.png */,
				8CDFB3A41B3133B2009B431A /* icon_proceed_blue@2x.png */,
			);
			name = Images;
			sourceTree = "<group>";
		};
		8CE8DC5D1B5A024300EC7523 /* HUD */ = {
			isa = PBXGroup;
			children = (
				8CE8DC5E1B5A024B00EC7523 /* ProgressHUD.bundle */,
				8CE8DC5F1B5A024B00EC7523 /* ProgressHUD.h */,
				8CE8DC601B5A024B00EC7523 /* ProgressHUD.m */,
			);
			name = HUD;
			sourceTree = "<group>";
		};
		8CE8DC671B5A13C100EC7523 /* LocalNotificationView */ = {
			isa = PBXGroup;
			children = (
				8CE8DC801B5A144300EC7523 /* LNNotificationsUIAssets.xcassets */,
				8CE8DC681B5A143800EC7523 /* LNNotification.h */,
				8CE8DC691B5A143800EC7523 /* LNNotification.m */,
				8CE8DC6A1B5A143800EC7523 /* LNNotificationAppSettings_Private.h */,
				8CE8DC6B1B5A143800EC7523 /* LNNotificationAppSettings.h */,
				8CE8DC6C1B5A143800EC7523 /* LNNotificationAppSettings.m */,
				8CE8DC6D1B5A143800EC7523 /* LNNotificationBannerView.h */,
				8CE8DC6E1B5A143800EC7523 /* LNNotificationBannerView.m */,
				8CE8DC6F1B5A143800EC7523 /* LNNotificationBannerWindow.h */,
				8CE8DC701B5A143800EC7523 /* LNNotificationBannerWindow.m */,
				8CE8DC711B5A143800EC7523 /* LNNotificationCenter.h */,
				8CE8DC721B5A143800EC7523 /* LNNotificationCenter.m */,
				8CE8DC731B5A143800EC7523 /* LNNotificationsAppSettingsController.h */,
				8CE8DC741B5A143800EC7523 /* LNNotificationsAppSettingsController.m */,
				8CE8DC751B5A143800EC7523 /* LNNotificationSettingsController.h */,
				8CE8DC761B5A143800EC7523 /* LNNotificationSettingsController.m */,
				8CE8DC771B5A143800EC7523 /* LNNotificationsUI_iOS7.1.h */,
				8CE8DC781B5A143800EC7523 /* LNNotificationsUI.h */,
			);
			name = LocalNotificationView;
			sourceTree = "<group>";
		};
		995EFE4F1AE8D29C00B6ED17 = {
			isa = PBXGroup;
			children = (
				995EFE5A1AE8D29C00B6ED17 /* Do it */,
				995EFE741AE8D29C00B6ED17 /* Do itTests */,
				995EFE591AE8D29C00B6ED17 /* Products */,
			);
			sourceTree = "<group>";
		};
		995EFE591AE8D29C00B6ED17 /* Products */ = {
			isa = PBXGroup;
			children = (
				995EFE581AE8D29C00B6ED17 /* Do it.app */,
				995EFE711AE8D29C00B6ED17 /* Do itTests.xctest */,
			);
			name = Products;
			sourceTree = "<group>";
		};
		995EFE5A1AE8D29C00B6ED17 /* Do it */ = {
			isa = PBXGroup;
			children = (
				8CA7024C1B4E3D49004E904A /* Frameworks */,
				99E3B0FC1B0A00D600A13838 /* Resources */,
				99E3B0FB1B0A00CF00A13838 /* Libs */,
				99E3B0FA1B0A00C900A13838 /* Classes */,
				99E3B0F91B0A00C000A13838 /* Data */,
				995EFE5F1AE8D29C00B6ED17 /* AppDelegate.h */,
				995EFE601AE8D29C00B6ED17 /* AppDelegate.m */,
				995EFE621AE8D29C00B6ED17 /* ViewController.h */,
				995EFE631AE8D29C00B6ED17 /* ViewController.m */,
				995EFE651AE8D29C00B6ED17 /* Main.storyboard */,
				995EFE681AE8D29C00B6ED17 /* Images.xcassets */,
				995EFE6A1AE8D29C00B6ED17 /* LaunchScreen.xib */,
				995EFE5B1AE8D29C00B6ED17 /* Supporting Files */,
			);
			path = "Do it";
			sourceTree = "<group>";
		};
		995EFE5B1AE8D29C00B6ED17 /* Supporting Files */ = {
			isa = PBXGroup;
			children = (
				995EFE5C1AE8D29C00B6ED17 /* Info.plist */,
				995EFE5D1AE8D29C00B6ED17 /* main.m */,
			);
			name = "Supporting Files";
			sourceTree = "<group>";
		};
		995EFE741AE8D29C00B6ED17 /* Do itTests */ = {
			isa = PBXGroup;
			children = (
				995EFE771AE8D29C00B6ED17 /* Do_itTests.m */,
				995EFE751AE8D29C00B6ED17 /* Supporting Files */,
			);
			path = "Do itTests";
			sourceTree = "<group>";
		};
		995EFE751AE8D29C00B6ED17 /* Supporting Files */ = {
			isa = PBXGroup;
			children = (
				995EFE761AE8D29C00B6ED17 /* Info.plist */,
			);
			name = "Supporting Files";
			sourceTree = "<group>";
		};
		9984D9891B42B58B00330E00 /* TimePickerViewController */ = {
			isa = PBXGroup;
			children = (
				9984D9841B416FD500330E00 /* TimePickerViewController.h */,
				9984D9851B416FD500330E00 /* TimePickerViewController.m */,
				9984D9861B416FD500330E00 /* TimePickerViewController.xib */,
				9984D98A1B42B5C200330E00 /* TimePickerViewControllerDelegate.h */,
			);
			name = TimePickerViewController;
			sourceTree = "<group>";
		};
		99E073EB1B3A9DB2000C5EFF /* NoticesHandler */ = {
			isa = PBXGroup;
			children = (
				99E073ED1B3A9E27000C5EFF /* GlobalNoticeHandler.h */,
				99E073EE1B3A9E27000C5EFF /* GlobalNoticeHandler.m */,
			);
			name = NoticesHandler;
			sourceTree = "<group>";
		};
		99E073EC1B3A9DC7000C5EFF /* LocalNotificationHandler */ = {
			isa = PBXGroup;
			children = (
				8CE8DC641B5A0FF400EC7523 /* LocalNotificationHandler.h */,
				8CE8DC651B5A0FF400EC7523 /* LocalNotificationHandler.m */,
			);
			name = LocalNotificationHandler;
			sourceTree = "<group>";
		};
		99E3B0F91B0A00C000A13838 /* Data */ = {
			isa = PBXGroup;
			children = (
			);
			name = Data;
			sourceTree = "<group>";
		};
		99E3B0FA1B0A00C900A13838 /* Classes */ = {
			isa = PBXGroup;
			children = (
				8C82022F1B7ECDCC00C59F0B /* ActivityListViewController */,
				8CA702491B4E2416004E904A /* Constants */,
				99E073EC1B3A9DC7000C5EFF /* LocalNotificationHandler */,
				99E073EB1B3A9DB2000C5EFF /* NoticesHandler */,
				8C675CF91B2FF3C700D517CB /* Extra ViewControllers */,
				2E730E8C1B18191400110905 /* Activities TableView */,
				2E79C9BE1B0BFDD0005AEDCD /* Activity TableViewCells */,
				2E8D83741B0ABA1900FD44F5 /* Activity Management  */,
				99E3B0FD1B0A00F600A13838 /* Activity Instances */,
			);
			name = Classes;
			sourceTree = "<group>";
		};
		99E3B0FB1B0A00CF00A13838 /* Libs */ = {
			isa = PBXGroup;
			children = (
				8CD23EBA1B342FA200452F43 /* SwiftBridging.h */,
				8C8202331B7ECE1F00C59F0B /* CarbonKit */,
				8C8E5FB81B70B23C001A2C63 /* SLAlertView */,
				8CE8DC671B5A13C100EC7523 /* LocalNotificationView */,
				8CE8DC5D1B5A024300EC7523 /* HUD */,
				8CD23EB41B342C4600452F43 /* MaterialKit */,
				8C675D0A1B303EE000D517CB /* MaterialRadialButton */,
				8C675D061B303DF300D517CB /* MaterialViewTransition */,
				8C675CF51B2FF2F900D517CB /* PopupViewController */,
				8C675CF01B2FF03800D517CB /* PopupPicker */,
				2EC7B13F1B2802BE007375C9 /* SwipeCell */,
			);
			name = Libs;
			sourceTree = "<group>";
		};
		99E3B0FC1B0A00D600A13838 /* Resources */ = {
			isa = PBXGroup;
			children = (
				8CDFB3A31B313256009B431A /* Images */,
				2E566A391B0C552400F05D55 /* Font */,
			);
			name = Resources;
			sourceTree = "<group>";
		};
		99E3B0FD1B0A00F600A13838 /* Activity Instances */ = {
			isa = PBXGroup;
			children = (
				99E3B0FE1B0A014200A13838 /* OngoingActivityInstance.h */,
				99E3B0FF1B0A014200A13838 /* OngoingActivityInstance.m */,
				2E8D836E1B0AADF800FD44F5 /* PastAcheievementActivityInstance.h */,
				2E8D836F1B0AADF800FD44F5 /* PastAcheievementActivityInstance.m */,
				2E8D83711B0AB08300FD44F5 /* FailedActivityInstance.h */,
				2E8D83721B0AB08300FD44F5 /* FailedActivityInstance.m */,
			);
			name = "Activity Instances";
			sourceTree = "<group>";
		};
/* End PBXGroup section */

/* Begin PBXNativeTarget section */
		995EFE571AE8D29C00B6ED17 /* Do it */ = {
			isa = PBXNativeTarget;
			buildConfigurationList = 995EFE7B1AE8D29C00B6ED17 /* Build configuration list for PBXNativeTarget "Do it" */;
			buildPhases = (
				995EFE541AE8D29C00B6ED17 /* Sources */,
				995EFE551AE8D29C00B6ED17 /* Frameworks */,
				995EFE561AE8D29C00B6ED17 /* Resources */,
			);
			buildRules = (
			);
			dependencies = (
			);
			name = "Do it";
			productName = "Do it";
			productReference = 995EFE581AE8D29C00B6ED17 /* Do it.app */;
			productType = "com.apple.product-type.application";
		};
		995EFE701AE8D29C00B6ED17 /* Do itTests */ = {
			isa = PBXNativeTarget;
			buildConfigurationList = 995EFE7E1AE8D29C00B6ED17 /* Build configuration list for PBXNativeTarget "Do itTests" */;
			buildPhases = (
				995EFE6D1AE8D29C00B6ED17 /* Sources */,
				995EFE6E1AE8D29C00B6ED17 /* Frameworks */,
				995EFE6F1AE8D29C00B6ED17 /* Resources */,
			);
			buildRules = (
			);
			dependencies = (
				995EFE731AE8D29C00B6ED17 /* PBXTargetDependency */,
			);
			name = "Do itTests";
			productName = "Do itTests";
			productReference = 995EFE711AE8D29C00B6ED17 /* Do itTests.xctest */;
			productType = "com.apple.product-type.bundle.unit-test";
		};
/* End PBXNativeTarget section */

/* Begin PBXProject section */
		995EFE501AE8D29C00B6ED17 /* Project object */ = {
			isa = PBXProject;
			attributes = {
				LastUpgradeCheck = 0620;
				ORGANIZATIONNAME = "Future Innovation Studio";
				TargetAttributes = {
					995EFE571AE8D29C00B6ED17 = {
						CreatedOnToolsVersion = 6.2;
						SystemCapabilities = {
							com.apple.BackgroundModes = {
								enabled = 1;
							};
						};
					};
					995EFE701AE8D29C00B6ED17 = {
						CreatedOnToolsVersion = 6.2;
						TestTargetID = 995EFE571AE8D29C00B6ED17;
					};
				};
			};
			buildConfigurationList = 995EFE531AE8D29C00B6ED17 /* Build configuration list for PBXProject "Do it" */;
			compatibilityVersion = "Xcode 3.2";
			developmentRegion = English;
			hasScannedForEncodings = 0;
			knownRegions = (
				en,
				Base,
			);
			mainGroup = 995EFE4F1AE8D29C00B6ED17;
			productRefGroup = 995EFE591AE8D29C00B6ED17 /* Products */;
			projectDirPath = "";
			projectRoot = "";
			targets = (
				995EFE571AE8D29C00B6ED17 /* Do it */,
				995EFE701AE8D29C00B6ED17 /* Do itTests */,
			);
		};
/* End PBXProject section */

/* Begin PBXResourcesBuildPhase section */
		995EFE561AE8D29C00B6ED17 /* Resources */ = {
			isa = PBXResourcesBuildPhase;
			buildActionMask = 2147483647;
			files = (
				995EFE671AE8D29C00B6ED17 /* Main.storyboard in Resources */,
				8CDFB3A21B3130AE009B431A /* TaskCreation.xib in Resources */,
				8C8E5FB61B6B8C0D001A2C63 /* SF-UI-Display-Medium.otf in Resources */,
				8C8E5FBF1B72226B001A2C63 /* icon_cancel_red@2x.png in Resources */,
				8C8E5FB51B6B8C0D001A2C63 /* SF-UI-Display-Light.otf in Resources */,
				8CE8DC851B5D0B7600EC7523 /* icon_cancel_white@2x.png in Resources */,
				8CA45A111B39032C00A18768 /* FinalizingTaskView.xib in Resources */,
				8CDFB3A51B3133B2009B431A /* icon_proceed_blue@2x.png in Resources */,
				8CD23EC41B34359800452F43 /* TimePickerView.xib in Resources */,
				2EB6B4521B25735100D7C7A3 /* AchievedActivityTableViewCell.xib in Resources */,
				8CD23EB31B3425E300452F43 /* icon_proceed_white@2x.png in Resources */,
				8C675CFE1B2FF44900D517CB /* DelayTimeSelectionViewController.xib in Resources */,
				8C8E5FB71B6B8C0D001A2C63 /* SF-UI-Display-Regular.otf in Resources */,
				8CE8DC811B5A144300EC7523 /* LNNotificationsUIAssets.xcassets in Resources */,
				2E79C9C31B0C4827005AEDCD /* OngoingTableViewCell.xib in Resources */,
				9984D9881B416FD500330E00 /* TimePickerViewController.xib in Resources */,
				995EFE6C1AE8D29C00B6ED17 /* LaunchScreen.xib in Resources */,
				8CE8DC871B5D0F4000EC7523 /* icon_cancel_blue@2x.png in Resources */,
				8CDFB39B1B30FEB0009B431A /* IntroView.xib in Resources */,
				8CA45A131B39059A00A18768 /* icon_finish_white@2x.png in Resources */,
				8CE8DC611B5A024B00EC7523 /* ProgressHUD.bundle in Resources */,
				995EFE691AE8D29C00B6ED17 /* Images.xcassets in Resources */,
				8C675D141B30407D00D517CB /* EventCreationViewController.xib in Resources */,
				2EB6B45F1B26960300D7C7A3 /* FailedActivityTableViewCell.xib in Resources */,
			);
			runOnlyForDeploymentPostprocessing = 0;
		};
		995EFE6F1AE8D29C00B6ED17 /* Resources */ = {
			isa = PBXResourcesBuildPhase;
			buildActionMask = 2147483647;
			files = (
			);
			runOnlyForDeploymentPostprocessing = 0;
		};
/* End PBXResourcesBuildPhase section */

/* Begin PBXSourcesBuildPhase section */
		995EFE541AE8D29C00B6ED17 /* Sources */ = {
			isa = PBXSourcesBuildPhase;
			buildActionMask = 2147483647;
			files = (
				99E073EF1B3A9E27000C5EFF /* GlobalNoticeHandler.m in Sources */,
				9984D9871B416FD500330E00 /* TimePickerViewController.m in Sources */,
				2E8D83701B0AADF800FD44F5 /* PastAcheievementActivityInstance.m in Sources */,
				8CE8DC7E1B5A143800EC7523 /* LNNotificationsAppSettingsController.m in Sources */,
				8CDFB3A01B31308C009B431A /* TaskCreation.m in Sources */,
				2EB6B45E1B26960300D7C7A3 /* FailedActivityTableViewCell.m in Sources */,
				8CE8DC7A1B5A143800EC7523 /* LNNotificationAppSettings.m in Sources */,
				8CD23EC21B34354A00452F43 /* TimePickerView.m in Sources */,
				8CE8DC621B5A024B00EC7523 /* ProgressHUD.m in Sources */,
				8C675D091B303E0A00D517CB /* UIView+MaterialDesign.m in Sources */,
				995EFE641AE8D29C00B6ED17 /* ViewController.m in Sources */,
				2EC7B1451B2802D3007375C9 /* MGSwipeTableCell.m in Sources */,
				2EC7B1441B2802D3007375C9 /* MGSwipeButton.m in Sources */,
				8C8202321B7ECE0900C59F0B /* ActivityListTableViewController.m in Sources */,
				8CD23EBD1B3430A500452F43 /* MKLayer.swift in Sources */,
				2E8D83731B0AB08300FD44F5 /* FailedActivityInstance.m in Sources */,
				995EFE611AE8D29C00B6ED17 /* AppDelegate.m in Sources */,
				2E730E8F1B18194200110905 /* ActivitiesTableViewController.m in Sources */,
				8CE8DC7B1B5A143800EC7523 /* LNNotificationBannerView.m in Sources */,
				8C675CFD1B2FF44900D517CB /* DelayTimeSelectionViewController.m in Sources */,
				2E8D83771B0ABAF800FD44F5 /* ActivtyInstancesManager.m in Sources */,
				8CE8DC791B5A143800EC7523 /* LNNotification.m in Sources */,
				2E79C9C21B0C4827005AEDCD /* OngoingTableViewCell.m in Sources */,
				995EFE5E1AE8D29C00B6ED17 /* main.m in Sources */,
				8CE8DC661B5A0FF400EC7523 /* LocalNotificationHandler.m in Sources */,
				8C675D1C1B30497300D517CB /* FeRadialButton.m in Sources */,
				8C675CF81B2FF30B00D517CB /* UIViewController+CWPopup.m in Sources */,
				8C675CF41B2FF29F00D517CB /* JCDataPicker.m in Sources */,
				8CDFB3AA1B313A12009B431A /* FeRippleButton.m in Sources */,
				8CD23EBE1B3430A500452F43 /* MKColor.swift in Sources */,
				8CE8DC7C1B5A143800EC7523 /* LNNotificationBannerWindow.m in Sources */,
				8CE8DC7F1B5A143800EC7523 /* LNNotificationSettingsController.m in Sources */,
				8C675D1D1B30497300D517CB /* UIColor+flat.m in Sources */,
				2EB6B4511B25735100D7C7A3 /* AchievedActivityTableViewCell.m in Sources */,
				2E70B8CD1B22F61600A359D9 /* ActivityTableViewCellController.m in Sources */,
				8CA45A0F1B39030400A18768 /* FinalizingTaskView.m in Sources */,
				8C675D131B30407D00D517CB /* EventCreationViewController.m in Sources */,
				99E3B1001B0A014200A13838 /* OngoingActivityInstance.m in Sources */,
				8CD23EB91B342EA400452F43 /* MKTextField.swift in Sources */,
				8CE8DC7D1B5A143800EC7523 /* LNNotificationCenter.m in Sources */,
				8C675D171B30412100D517CB /* IntroView.m in Sources */,
				8C8202371B7ECE3F00C59F0B /* CarbonTabSwipeNavigation.m in Sources */,
				8C8E5FBC1B70BEB3001A2C63 /* SCLAlertView.swift in Sources */,
				8C675D201B30498F00D517CB /* FeBasicAnimationBlock.m in Sources */,
			);
			runOnlyForDeploymentPostprocessing = 0;
		};
		995EFE6D1AE8D29C00B6ED17 /* Sources */ = {
			isa = PBXSourcesBuildPhase;
			buildActionMask = 2147483647;
			files = (
				995EFE781AE8D29C00B6ED17 /* Do_itTests.m in Sources */,
			);
			runOnlyForDeploymentPostprocessing = 0;
		};
/* End PBXSourcesBuildPhase section */

/* Begin PBXTargetDependency section */
		995EFE731AE8D29C00B6ED17 /* PBXTargetDependency */ = {
			isa = PBXTargetDependency;
			target = 995EFE571AE8D29C00B6ED17 /* Do it */;
			targetProxy = 995EFE721AE8D29C00B6ED17 /* PBXContainerItemProxy */;
		};
/* End PBXTargetDependency section */

/* Begin PBXVariantGroup section */
		995EFE651AE8D29C00B6ED17 /* Main.storyboard */ = {
			isa = PBXVariantGroup;
			children = (
				995EFE661AE8D29C00B6ED17 /* Base */,
			);
			name = Main.storyboard;
			sourceTree = "<group>";
		};
		995EFE6A1AE8D29C00B6ED17 /* LaunchScreen.xib */ = {
			isa = PBXVariantGroup;
			children = (
				995EFE6B1AE8D29C00B6ED17 /* Base */,
			);
			name = LaunchScreen.xib;
			sourceTree = "<group>";
		};
/* End PBXVariantGroup section */

/* Begin XCBuildConfiguration section */
		995EFE791AE8D29C00B6ED17 /* Debug */ = {
			isa = XCBuildConfiguration;
			buildSettings = {
				ALWAYS_SEARCH_USER_PATHS = NO;
				CLANG_CXX_LANGUAGE_STANDARD = "gnu++0x";
				CLANG_CXX_LIBRARY = "libc++";
				CLANG_ENABLE_MODULES = YES;
				CLANG_ENABLE_OBJC_ARC = YES;
				CLANG_WARN_BOOL_CONVERSION = YES;
				CLANG_WARN_CONSTANT_CONVERSION = YES;
				CLANG_WARN_DIRECT_OBJC_ISA_USAGE = YES_ERROR;
				CLANG_WARN_EMPTY_BODY = YES;
				CLANG_WARN_ENUM_CONVERSION = YES;
				CLANG_WARN_INT_CONVERSION = YES;
				CLANG_WARN_OBJC_ROOT_CLASS = YES_ERROR;
				CLANG_WARN_UNREACHABLE_CODE = YES;
				CLANG_WARN__DUPLICATE_METHOD_MATCH = YES;
				"CODE_SIGN_IDENTITY[sdk=iphoneos*]" = "iPhone Developer";
				COPY_PHASE_STRIP = NO;
				ENABLE_STRICT_OBJC_MSGSEND = YES;
				GCC_C_LANGUAGE_STANDARD = gnu99;
				GCC_DYNAMIC_NO_PIC = NO;
				GCC_OPTIMIZATION_LEVEL = 0;
				GCC_PREPROCESSOR_DEFINITIONS = (
					"DEBUG=1",
					"$(inherited)",
				);
				GCC_SYMBOLS_PRIVATE_EXTERN = NO;
				GCC_WARN_64_TO_32_BIT_CONVERSION = YES;
				GCC_WARN_ABOUT_RETURN_TYPE = YES_ERROR;
				GCC_WARN_UNDECLARED_SELECTOR = YES;
				GCC_WARN_UNINITIALIZED_AUTOS = YES_AGGRESSIVE;
				GCC_WARN_UNUSED_FUNCTION = YES;
				GCC_WARN_UNUSED_VARIABLE = YES;
				IPHONEOS_DEPLOYMENT_TARGET = 8.2;
				MTL_ENABLE_DEBUG_INFO = YES;
				ONLY_ACTIVE_ARCH = YES;
				SDKROOT = iphoneos;
			};
			name = Debug;
		};
		995EFE7A1AE8D29C00B6ED17 /* Release */ = {
			isa = XCBuildConfiguration;
			buildSettings = {
				ALWAYS_SEARCH_USER_PATHS = NO;
				CLANG_CXX_LANGUAGE_STANDARD = "gnu++0x";
				CLANG_CXX_LIBRARY = "libc++";
				CLANG_ENABLE_MODULES = YES;
				CLANG_ENABLE_OBJC_ARC = YES;
				CLANG_WARN_BOOL_CONVERSION = YES;
				CLANG_WARN_CONSTANT_CONVERSION = YES;
				CLANG_WARN_DIRECT_OBJC_ISA_USAGE = YES_ERROR;
				CLANG_WARN_EMPTY_BODY = YES;
				CLANG_WARN_ENUM_CONVERSION = YES;
				CLANG_WARN_INT_CONVERSION = YES;
				CLANG_WARN_OBJC_ROOT_CLASS = YES_ERROR;
				CLANG_WARN_UNREACHABLE_CODE = YES;
				CLANG_WARN__DUPLICATE_METHOD_MATCH = YES;
				"CODE_SIGN_IDENTITY[sdk=iphoneos*]" = "iPhone Developer";
				COPY_PHASE_STRIP = NO;
				ENABLE_NS_ASSERTIONS = NO;
				ENABLE_STRICT_OBJC_MSGSEND = YES;
				GCC_C_LANGUAGE_STANDARD = gnu99;
				GCC_WARN_64_TO_32_BIT_CONVERSION = YES;
				GCC_WARN_ABOUT_RETURN_TYPE = YES_ERROR;
				GCC_WARN_UNDECLARED_SELECTOR = YES;
				GCC_WARN_UNINITIALIZED_AUTOS = YES_AGGRESSIVE;
				GCC_WARN_UNUSED_FUNCTION = YES;
				GCC_WARN_UNUSED_VARIABLE = YES;
				IPHONEOS_DEPLOYMENT_TARGET = 8.2;
				MTL_ENABLE_DEBUG_INFO = NO;
				SDKROOT = iphoneos;
				VALIDATE_PRODUCT = YES;
			};
			name = Release;
		};
		995EFE7C1AE8D29C00B6ED17 /* Debug */ = {
			isa = XCBuildConfiguration;
			buildSettings = {
				ASSETCATALOG_COMPILER_APPICON_NAME = AppIcon;
				CLANG_ENABLE_MODULES = YES;
				DEFINES_MODULE = YES;
				EMBEDDED_CONTENT_CONTAINS_SWIFT = YES;
				INFOPLIST_FILE = "Do it/Info.plist";
				IPHONEOS_DEPLOYMENT_TARGET = 7.0;
				LD_RUNPATH_SEARCH_PATHS = "$(inherited) @executable_path/Frameworks";
				PRODUCT_NAME = "$(TARGET_NAME)";
				SWIFT_OBJC_BRIDGING_HEADER = "Do it/SwiftBridging.h";
				SWIFT_OPTIMIZATION_LEVEL = "-Onone";
			};
			name = Debug;
		};
		995EFE7D1AE8D29C00B6ED17 /* Release */ = {
			isa = XCBuildConfiguration;
			buildSettings = {
				ASSETCATALOG_COMPILER_APPICON_NAME = AppIcon;
				CLANG_ENABLE_MODULES = YES;
				DEFINES_MODULE = YES;
				EMBEDDED_CONTENT_CONTAINS_SWIFT = YES;
				INFOPLIST_FILE = "Do it/Info.plist";
				IPHONEOS_DEPLOYMENT_TARGET = 7.0;
				LD_RUNPATH_SEARCH_PATHS = "$(inherited) @executable_path/Frameworks";
				PRODUCT_NAME = "$(TARGET_NAME)";
				SWIFT_OBJC_BRIDGING_HEADER = "Do it/SwiftBridging.h";
			};
			name = Release;
		};
		995EFE7F1AE8D29C00B6ED17 /* Debug */ = {
			isa = XCBuildConfiguration;
			buildSettings = {
				BUNDLE_LOADER = "$(TEST_HOST)";
				FRAMEWORK_SEARCH_PATHS = (
					"$(SDKROOT)/Developer/Library/Frameworks",
					"$(inherited)",
				);
				GCC_PREPROCESSOR_DEFINITIONS = (
					"DEBUG=1",
					"$(inherited)",
				);
				INFOPLIST_FILE = "Do itTests/Info.plist";
				LD_RUNPATH_SEARCH_PATHS = "$(inherited) @executable_path/Frameworks @loader_path/Frameworks";
				PRODUCT_NAME = "$(TARGET_NAME)";
				TEST_HOST = "$(BUILT_PRODUCTS_DIR)/Do it.app/Do it";
			};
			name = Debug;
		};
		995EFE801AE8D29C00B6ED17 /* Release */ = {
			isa = XCBuildConfiguration;
			buildSettings = {
				BUNDLE_LOADER = "$(TEST_HOST)";
				FRAMEWORK_SEARCH_PATHS = (
					"$(SDKROOT)/Developer/Library/Frameworks",
					"$(inherited)",
				);
				INFOPLIST_FILE = "Do itTests/Info.plist";
				LD_RUNPATH_SEARCH_PATHS = "$(inherited) @executable_path/Frameworks @loader_path/Frameworks";
				PRODUCT_NAME = "$(TARGET_NAME)";
				TEST_HOST = "$(BUILT_PRODUCTS_DIR)/Do it.app/Do it";
			};
			name = Release;
		};
/* End XCBuildConfiguration section */

/* Begin XCConfigurationList section */
		995EFE531AE8D29C00B6ED17 /* Build configuration list for PBXProject "Do it" */ = {
			isa = XCConfigurationList;
			buildConfigurations = (
				995EFE791AE8D29C00B6ED17 /* Debug */,
				995EFE7A1AE8D29C00B6ED17 /* Release */,
			);
			defaultConfigurationIsVisible = 0;
			defaultConfigurationName = Release;
		};
		995EFE7B1AE8D29C00B6ED17 /* Build configuration list for PBXNativeTarget "Do it" */ = {
			isa = XCConfigurationList;
			buildConfigurations = (
				995EFE7C1AE8D29C00B6ED17 /* Debug */,
				995EFE7D1AE8D29C00B6ED17 /* Release */,
			);
			defaultConfigurationIsVisible = 0;
			defaultConfigurationName = Release;
		};
		995EFE7E1AE8D29C00B6ED17 /* Build configuration list for PBXNativeTarget "Do itTests" */ = {
			isa = XCConfigurationList;
			buildConfigurations = (
				995EFE7F1AE8D29C00B6ED17 /* Debug */,
				995EFE801AE8D29C00B6ED17 /* Release */,
			);
			defaultConfigurationIsVisible = 0;
			defaultConfigurationName = Release;
		};
/* End XCConfigurationList section */
	};
	rootObject = 995EFE501AE8D29C00B6ED17 /* Project object */;
}
